Microsoft Visual Studio Solution File, Format Version 12.00
# Visual Studio Version 17
VisualStudioVersion = 17.0.31903.59
MinimumVisualStudioVersion = 10.0.40219.1
Project("{FAE04EC0-301F-11D3-BF4B-00C04F79EFBC}") = "ArmorAV.Core", "src\ArmorAV.Core\ArmorAV.Core.csproj", "{9E9E7B5F-46F6-426E-905A-98C323341151}"
EndProject
Project("{FAE04EC0-301F-11D3-BF4B-00C04F79EFBC}") = "ArmorAV.Cli", "src\ArmorAV.Cli\ArmorAV.Cli.csproj", "{AB558F8D-AF5C-4942-B09E-C603B236EB2B}"
EndProject
Project("{FAE04EC0-301F-11D3-BF4B-00C04F79EFBC}") = "ArmorAV.Web", "src\ArmorAV.Web\ArmorAV.Web.csproj", "{C094A4D4-1D8B-4C91-BC35-07F2952E43F2}"
EndProject
Project("{FAE04EC0-301F-11D3-BF4B-00C04F79EFBC}") = "ArmorAV.SmokeTests", "tests\ArmorAV.SmokeTests\ArmorAV.SmokeTests.csproj", "{C3BEB38F-A9A2-47A0-A97D-CC4A3D8B167A}"
EndProject
Global
	GlobalSection(SolutionConfigurationPlatforms) = preSolution
		Debug|Any CPU = Debug|Any CPU
		Release|Any CPU = Release|Any CPU
	EndGlobalSection
	GlobalSection(ProjectConfigurationPlatforms) = postSolution
		{9E9E7B5F-46F6-426E-905A-98C323341151}.Debug|Any CPU.ActiveCfg = Debug|Any CPU
		{9E9E7B5F-46F6-426E-905A-98C323341151}.Debug|Any CPU.Build.0 = Debug|Any CPU
		{9E9E7B5F-46F6-426E-905A-98C323341151}.Release|Any CPU.ActiveCfg = Release|Any CPU
		{9E9E7B5F-46F6-426E-905A-98C323341151}.Release|Any CPU.Build.0 = Release|Any CPU
		{AB558F8D-AF5C-4942-B09E-C603B236EB2B}.Debug|Any CPU.ActiveCfg = Debug|Any CPU
		{AB558F8D-AF5C-4942-B09E-C603B236EB2B}.Debug|Any CPU.Build.0 = Debug|Any CPU
		{AB558F8D-AF5C-4942-B09E-C603B236EB2B}.Release|Any CPU.ActiveCfg = Release|Any CPU
		{AB558F8D-AF5C-4942-B09E-C603B236EB2B}.Release|Any CPU.Build.0 = Release|Any CPU
		{C094A4D4-1D8B-4C91-BC35-07F2952E43F2}.Debug|Any CPU.ActiveCfg = Debug|Any CPU
		{C094A4D4-1D8B-4C91-BC35-07F2952E43F2}.Debug|Any CPU.Build.0 = Debug|Any CPU
		{C094A4D4-1D8B-4C91-BC35-07F2952E43F2}.Release|Any CPU.ActiveCfg = Release|Any CPU
		{C094A4D4-1D8B-4C91-BC35-07F2952E43F2}.Release|Any CPU.Build.0 = Release|Any CPU
		{C3BEB38F-A9A2-47A0-A97D-CC4A3D8B167A}.Debug|Any CPU.ActiveCfg = Debug|Any CPU
		{C3BEB38F-A9A2-47A0-A97D-CC4A3D8B167A}.Debug|Any CPU.Build.0 = Debug|Any CPU
		{C3BEB38F-A9A2-47A0-A97D-CC4A3D8B167A}.Release|Any CPU.ActiveCfg = Release|Any CPU
		{C3BEB38F-A9A2-47A0-A97D-CC4A3D8B167A}.Release|Any CPU.Build.0 = Release|Any CPU
	EndGlobalSection
EndGlobal
